
Microsoft Visual Studio Solution File, Format Version 12.00
# Visual Studio 15
VisualStudioVersion = 15.0.26430.6
MinimumVisualStudioVersion = 10.0.40219.1
Project("{FAE04EC0-301F-11D3-BF4B-00C04F79EFBC}") = "T11_arrayIndex_01", "T11_arrayIndex_01\T11_arrayIndex_01.csproj", "{129AB939-CC29-4B23-827B-0F0DA81AE93C}"
EndProject
Project("{FAE04EC0-301F-11D3-BF4B-00C04F79EFBC}") = "T11_operatorOverride_01", "T11_operatorOverride_01\T11_operatorOverride_01.csproj", "{EDD340A0-B14D-4210-BC0C-4BE8772A2AEE}"
EndProject
Project("{FAE04EC0-301F-11D3-BF4B-00C04F79EFBC}") = "T11_Cast_01", "T11_Cast_01\T11_Cast_01.csproj", "{33A44515-B8D6-4E77-B58D-EFCC75394F5D}"
EndProject
Project("{FAE04EC0-301F-11D3-BF4B-00C04F79EFBC}") = "T11_ExtentionMethods", "T11_ExtentionMethods\T11_ExtentionMethods.csproj", "{10847020-FAD3-44EC-9197-81C94BA36CF5}"
EndProject
Project("{FAE04EC0-301F-11D3-BF4B-00C04F79EFBC}") = "T11_InterfaceExtention", "T11_InterfaceExtention\T11_InterfaceExtention.csproj", "{C6868083-A2D9-4311-995A-E6D7AF03FB34}"
EndProject
Project("{FAE04EC0-301F-11D3-BF4B-00C04F79EFBC}") = "T11_anonymusType", "T11_anonymusType\T11_anonymusType.csproj", "{44FAFBF5-CA96-42E6-A38B-103B58C7CA30}"
EndProject
Global
	GlobalSection(SolutionConfigurationPlatforms) = preSolution
		Debug|Any CPU = Debug|Any CPU
		Release|Any CPU = Release|Any CPU
	EndGlobalSection
	GlobalSection(ProjectConfigurationPlatforms) = postSolution
		{129AB939-CC29-4B23-827B-0F0DA81AE93C}.Debug|Any CPU.ActiveCfg = Debug|Any CPU
		{129AB939-CC29-4B23-827B-0F0DA81AE93C}.Debug|Any CPU.Build.0 = Debug|Any CPU
		{129AB939-CC29-4B23-827B-0F0DA81AE93C}.Release|Any CPU.ActiveCfg = Release|Any CPU
		{129AB939-CC29-4B23-827B-0F0DA81AE93C}.Release|Any CPU.Build.0 = Release|Any CPU
		{EDD340A0-B14D-4210-BC0C-4BE8772A2AEE}.Debug|Any CPU.ActiveCfg = Debug|Any CPU
		{EDD340A0-B14D-4210-BC0C-4BE8772A2AEE}.Debug|Any CPU.Build.0 = Debug|Any CPU
		{EDD340A0-B14D-4210-BC0C-4BE8772A2AEE}.Release|Any CPU.ActiveCfg = Release|Any CPU
		{EDD340A0-B14D-4210-BC0C-4BE8772A2AEE}.Release|Any CPU.Build.0 = Release|Any CPU
		{33A44515-B8D6-4E77-B58D-EFCC75394F5D}.Debug|Any CPU.ActiveCfg = Debug|Any CPU
		{33A44515-B8D6-4E77-B58D-EFCC75394F5D}.Debug|Any CPU.Build.0 = Debug|Any CPU
		{33A44515-B8D6-4E77-B58D-EFCC75394F5D}.Release|Any CPU.ActiveCfg = Release|Any CPU
		{33A44515-B8D6-4E77-B58D-EFCC75394F5D}.Release|Any CPU.Build.0 = Release|Any CPU
		{10847020-FAD3-44EC-9197-81C94BA36CF5}.Debug|Any CPU.ActiveCfg = Debug|Any CPU
		{10847020-FAD3-44EC-9197-81C94BA36CF5}.Debug|Any CPU.Build.0 = Debug|Any CPU
		{10847020-FAD3-44EC-9197-81C94BA36CF5}.Release|Any CPU.ActiveCfg = Release|Any CPU
		{10847020-FAD3-44EC-9197-81C94BA36CF5}.Release|Any CPU.Build.0 = Release|Any CPU
		{C6868083-A2D9-4311-995A-E6D7AF03FB34}.Debug|Any CPU.ActiveCfg = Debug|Any CPU
		{C6868083-A2D9-4311-995A-E6D7AF03FB34}.Debug|Any CPU.Build.0 = Debug|Any CPU
		{C6868083-A2D9-4311-995A-E6D7AF03FB34}.Release|Any CPU.ActiveCfg = Release|Any CPU
		{C6868083-A2D9-4311-995A-E6D7AF03FB34}.Release|Any CPU.Build.0 = Release|Any CPU
		{44FAFBF5-CA96-42E6-A38B-103B58C7CA30}.Debug|Any CPU.ActiveCfg = Debug|Any CPU
		{44FAFBF5-CA96-42E6-A38B-103B58C7CA30}.Debug|Any CPU.Build.0 = Debug|Any CPU
		{44FAFBF5-CA96-42E6-A38B-103B58C7CA30}.Release|Any CPU.ActiveCfg = Release|Any CPU
		{44FAFBF5-CA96-42E6-A38B-103B58C7CA30}.Release|Any CPU.Build.0 = Release|Any CPU
	EndGlobalSection
	GlobalSection(SolutionProperties) = preSolution
		HideSolutionNode = FALSE
	EndGlobalSection
EndGlobal
